# THIS IS AN AUTOGENERATED FILE. DO NOT EDIT THIS FILE DIRECTLY.
# yarn lockfile v1


path-parse@^1.0.6:
  version "1.0.6"
  resolved "https://registry.yarnpkg.com/path-parse/-/path-parse-1.0.6.tgz#d62dbb5679405d72c4737ec58600e9ddcf06d24c"
  integrity sha512-GSmOT2EbHrINBf9SR7CDELwlJ8AENk3Qn7OikK4nFYAu3Ote2+JYNVvkpAEQm3/TLNEJFD/xZJjzyxg3KBWOzw==

resolve@^1.9.0:
  version "1.12.0"
  resolved "https://registry.yarnpkg.com/resolve/-/resolve-1.12.0.tgz#3fc644a35c84a48554609ff26ec52b66fa577df6"
  integrity sha512-B/dOmuoAik5bKcD6s6nXDCjzUKnaDvdkRyAk6rsmsKLipWj4797iothd7jmmUhWTfinVMU+wc56rYKsit2Qy4w==
  dependencies:
    path-parse "^1.0.6"

ttypescript@^1.5.7:
  version "1.5.7"
  resolved "https://registry.yarnpkg.com/ttypescript/-/ttypescript-1.5.7.tgz#76bb96765b331194b58a4e7d79fae82b886fc29a"
  integrity sha512-qloW8S60+xWVC2bQWldYQfESNFkIgDL5/M+vAOOsuLJ1pQu0SG2vQx5DNJO2nlwSrHxD8cDuF2sVDXg6v3GG3Q==
  dependencies:
    resolve "^1.9.0"
