# THIS IS AN AUTOGENERATED FILE. DO NOT EDIT THIS FILE DIRECTLY.
# yarn lockfile v1


path-parse@^1.0.6:
  version "1.0.6"
  resolved "https://registry.yarnpkg.com/path-parse/-/path-parse-1.0.6.tgz#d62dbb5679405d72c4737ec58600e9ddcf06d24c"
  integrity sha512-GSmOT2EbHrINBf9SR7CDELwlJ8AENk3Qn7OikK4nFYAu3Ote2+JYNVvkpAEQm3/TLNEJFD/xZJjzyxg3KBWOzw==

resolve@^1.9.0:
  version "1.12.0"
  resolved "https://registry.yarnpkg.com/resolve/-/resolve-1.12.0.tgz#3fc644a35c84a48554609ff26ec52b66fa577df6"
  integrity sha512-B/dOmuoAik5bKcD6s6nXDCjzUKnaDvdkRyAk6rsmsKLipWj4797iothd7jmmUhWTfinVMU+wc56rYKsit2Qy4w==
  dependencies:
    path-parse "^1.0.6"

ts-transformer-keys@^0.3.5:
  version "0.3.5"
  resolved "https://registry.yarnpkg.com/ts-transformer-keys/-/ts-transformer-keys-0.3.5.tgz#e9683fdb43e7a0b7b13bce910a546380fd7ac7ee"
  integrity sha512-5NYR//bSkMjeO6P72Nn754MW8ELHx7fIueQ7W8F52ErPb7iCDMU/tBiXHpNsUCDOLFKNca3DSgyq4CX+BxANug==

ttypescript@^1.5.7:
  version "1.5.7"
  resolved "https://registry.yarnpkg.com/ttypescript/-/ttypescript-1.5.7.tgz#76bb96765b331194b58a4e7d79fae82b886fc29a"
  integrity sha512-qloW8S60+xWVC2bQWldYQfESNFkIgDL5/M+vAOOsuLJ1pQu0SG2vQx5DNJO2nlwSrHxD8cDuF2sVDXg6v3GG3Q==
  dependencies:
    resolve "^1.9.0"

typescript@^3.6.3:
  version "3.6.3"
  resolved "https://registry.yarnpkg.com/typescript/-/typescript-3.6.3.tgz#fea942fabb20f7e1ca7164ff626f1a9f3f70b4da"
  integrity sha512-N7bceJL1CtRQ2RiG0AQME13ksR7DiuQh/QehubYcghzv20tnh+MQnQIuJddTmsbqYj+dztchykemz0zFzlvdQw==
